
Microsoft Visual Studio Solution File, Format Version 12.00
Project("{FAE04EC0-301F-11D3-BF4B-00C04F79EFBC}") = "Ejercicio1", "Ejercicio1\Ejercicio1.csproj", "{8431096F-DF5D-4D20-8E04-D7683C6E6985}"
EndProject
Project("{FAE04EC0-301F-11D3-BF4B-00C04F79EFBC}") = "Ejercicio2", "Ejercicio2\Ejercicio2.csproj", "{70F9970D-9800-4E5E-83F7-D550483AAF83}"
EndProject
Project("{FAE04EC0-301F-11D3-BF4B-00C04F79EFBC}") = "Ejercicio4", "Ejercicio4\Ejercicio4.csproj", "{B1FE8F7F-52E7-4E6F-947C-487A012CB675}"
EndProject
Project("{FAE04EC0-301F-11D3-BF4B-00C04F79EFBC}") = "Ejercicio5", "Ejercicio5\Ejercicio5.csproj", "{0FCEA9DF-FDA3-4C7F-834B-33C169087C1D}"
EndProject
Project("{FAE04EC0-301F-11D3-BF4B-00C04F79EFBC}") = "Ejercicio6", "Ejercicio6\Ejercicio6.csproj", "{74E1D64F-6F86-4513-B40D-8E34ECC555A9}"
EndProject
Global
	GlobalSection(SolutionConfigurationPlatforms) = preSolution
		Debug|Any CPU = Debug|Any CPU
		Release|Any CPU = Release|Any CPU
	EndGlobalSection
	GlobalSection(ProjectConfigurationPlatforms) = postSolution
		{8431096F-DF5D-4D20-8E04-D7683C6E6985}.Debug|Any CPU.ActiveCfg = Debug|Any CPU
		{8431096F-DF5D-4D20-8E04-D7683C6E6985}.Debug|Any CPU.Build.0 = Debug|Any CPU
		{8431096F-DF5D-4D20-8E04-D7683C6E6985}.Release|Any CPU.ActiveCfg = Release|Any CPU
		{8431096F-DF5D-4D20-8E04-D7683C6E6985}.Release|Any CPU.Build.0 = Release|Any CPU
		{70F9970D-9800-4E5E-83F7-D550483AAF83}.Debug|Any CPU.ActiveCfg = Debug|Any CPU
		{70F9970D-9800-4E5E-83F7-D550483AAF83}.Debug|Any CPU.Build.0 = Debug|Any CPU
		{70F9970D-9800-4E5E-83F7-D550483AAF83}.Release|Any CPU.ActiveCfg = Release|Any CPU
		{70F9970D-9800-4E5E-83F7-D550483AAF83}.Release|Any CPU.Build.0 = Release|Any CPU
		{B1FE8F7F-52E7-4E6F-947C-487A012CB675}.Debug|Any CPU.ActiveCfg = Debug|Any CPU
		{B1FE8F7F-52E7-4E6F-947C-487A012CB675}.Debug|Any CPU.Build.0 = Debug|Any CPU
		{B1FE8F7F-52E7-4E6F-947C-487A012CB675}.Release|Any CPU.ActiveCfg = Release|Any CPU
		{B1FE8F7F-52E7-4E6F-947C-487A012CB675}.Release|Any CPU.Build.0 = Release|Any CPU
		{0FCEA9DF-FDA3-4C7F-834B-33C169087C1D}.Debug|Any CPU.ActiveCfg = Debug|Any CPU
		{0FCEA9DF-FDA3-4C7F-834B-33C169087C1D}.Debug|Any CPU.Build.0 = Debug|Any CPU
		{0FCEA9DF-FDA3-4C7F-834B-33C169087C1D}.Release|Any CPU.ActiveCfg = Release|Any CPU
		{0FCEA9DF-FDA3-4C7F-834B-33C169087C1D}.Release|Any CPU.Build.0 = Release|Any CPU
		{74E1D64F-6F86-4513-B40D-8E34ECC555A9}.Debug|Any CPU.ActiveCfg = Debug|Any CPU
		{74E1D64F-6F86-4513-B40D-8E34ECC555A9}.Debug|Any CPU.Build.0 = Debug|Any CPU
		{74E1D64F-6F86-4513-B40D-8E34ECC555A9}.Release|Any CPU.ActiveCfg = Release|Any CPU
		{74E1D64F-6F86-4513-B40D-8E34ECC555A9}.Release|Any CPU.Build.0 = Release|Any CPU
	EndGlobalSection
EndGlobal
